{
  "name": "test-npm-install",
  "version": "1.0.0",
  "lockfileVersion": 3,
  "requires": true,
  "packages": {
    "": {
      "name": "test-npm-install",
      "version": "1.0.0",
      "license": "ISC",
      "dependencies": {
        "sarif-ratchet": "file:.."
      }
    },
    "..": {
      "version": "1.0.0",
      "license": "MIT",
      "bin": {
        "sarif-ratchet": "bin/index.js"
      }
    },
    "node_modules/sarif-ratchet": {
      "resolved": "..",
      "link": true
    }
  }
}
